
Microsoft Visual Studio Solution File, Format Version 12.00
# Visual Studio Version 16
VisualStudioVersion = 16.0.31205.134
MinimumVisualStudioVersion = 10.0.40219.1
Project("{FAE04EC0-301F-11D3-BF4B-00C04F79EFBC}") = "H2_WPF_Project_BaggageSorting2", "H2_WPF_Project_BaggageSorting2\H2_WPF_Project_BaggageSorting2.csproj", "{7AB548AD-EEA7-46A0-AF80-E40FF134BA72}"
EndProject
Global
	GlobalSection(SolutionConfigurationPlatforms) = preSolution
		Debug|Any CPU = Debug|Any CPU
		Release|Any CPU = Release|Any CPU
	EndGlobalSection
	GlobalSection(ProjectConfigurationPlatforms) = postSolution
		{7AB548AD-EEA7-46A0-AF80-E40FF134BA72}.Debug|Any CPU.ActiveCfg = Debug|Any CPU
		{7AB548AD-EEA7-46A0-AF80-E40FF134BA72}.Debug|Any CPU.Build.0 = Debug|Any CPU
		{7AB548AD-EEA7-46A0-AF80-E40FF134BA72}.Release|Any CPU.ActiveCfg = Release|Any CPU
		{7AB548AD-EEA7-46A0-AF80-E40FF134BA72}.Release|Any CPU.Build.0 = Release|Any CPU
	EndGlobalSection
	GlobalSection(SolutionProperties) = preSolution
		HideSolutionNode = FALSE
	EndGlobalSection
	GlobalSection(ExtensibilityGlobals) = postSolution
		SolutionGuid = {4E6B708E-38B9-4830-AA96-1004526379D8}
	EndGlobalSection
EndGlobal
